
Microsoft Visual Studio Solution File, Format Version 12.00
# Visual Studio 15
VisualStudioVersion = 15.0.26730.15
MinimumVisualStudioVersion = 10.0.40219.1
Project("{FAE04EC0-301F-11D3-BF4B-00C04F79EFBC}") = "DiceGame", "DiceGame\DiceGame.csproj", "{B40CA226-632C-447F-8941-41F1AC00F576}"
EndProject
Project("{FAE04EC0-301F-11D3-BF4B-00C04F79EFBC}") = "DiceGame.UnitTest", "DiceGame.UnitTest\DiceGame.UnitTest.csproj", "{BE43F14F-4366-468D-8988-1C6B29BE196A}"
EndProject
Global
	GlobalSection(SolutionConfigurationPlatforms) = preSolution
		Debug|Any CPU = Debug|Any CPU
		Release|Any CPU = Release|Any CPU
	EndGlobalSection
	GlobalSection(ProjectConfigurationPlatforms) = postSolution
		{B40CA226-632C-447F-8941-41F1AC00F576}.Debug|Any CPU.ActiveCfg = Debug|Any CPU
		{B40CA226-632C-447F-8941-41F1AC00F576}.Debug|Any CPU.Build.0 = Debug|Any CPU
		{B40CA226-632C-447F-8941-41F1AC00F576}.Release|Any CPU.ActiveCfg = Release|Any CPU
		{B40CA226-632C-447F-8941-41F1AC00F576}.Release|Any CPU.Build.0 = Release|Any CPU
		{BE43F14F-4366-468D-8988-1C6B29BE196A}.Debug|Any CPU.ActiveCfg = Debug|Any CPU
		{BE43F14F-4366-468D-8988-1C6B29BE196A}.Debug|Any CPU.Build.0 = Debug|Any CPU
		{BE43F14F-4366-468D-8988-1C6B29BE196A}.Release|Any CPU.ActiveCfg = Release|Any CPU
		{BE43F14F-4366-468D-8988-1C6B29BE196A}.Release|Any CPU.Build.0 = Release|Any CPU
	EndGlobalSection
	GlobalSection(SolutionProperties) = preSolution
		HideSolutionNode = FALSE
	EndGlobalSection
	GlobalSection(ExtensibilityGlobals) = postSolution
		SolutionGuid = {DAF0F42F-D9DE-497E-8035-CB749727222E}
	EndGlobalSection
EndGlobal
